# THIS IS AN AUTOGENERATED FILE. DO NOT EDIT THIS FILE DIRECTLY.
# yarn lockfile v1


accepts@~1.3.5:
  version "1.3.5"
  resolved "http://registry.npm.taobao.org/accepts/download/accepts-1.3.5.tgz#eb777df6011723a3b14e8a72c0805c8e86746bd2"
  dependencies:
    mime-types "~2.1.18"
    negotiator "0.6.1"

agent-base@^4.1.0:
  version "4.2.1"
  resolved "http://registry.npm.taobao.org/agent-base/download/agent-base-4.2.1.tgz#d89e5999f797875674c07d87f260fc41e83e8ca9"
  dependencies:
    es6-promisify "^5.0.0"

arguments-extended@~0.0.3:
  version "0.0.3"
  resolved "http://registry.npm.taobao.org/arguments-extended/download/arguments-extended-0.0.3.tgz#6107e4917d0eb6f0a4dd66320fc15afc72ef4946"
  dependencies:
    extended "~0.0.3"
    is-extended "~0.0.8"

array-extended@~0.0.3:
  version "0.0.11"
  resolved "http://registry.npm.taobao.org/array-extended/download/array-extended-0.0.11.tgz#d7144ae748de93ca726f121009dbff1626d164bd"
  dependencies:
    arguments-extended "~0.0.3"
    extended "~0.0.3"
    is-extended "~0.0.3"

array-flatten@1.1.1:
  version "1.1.1"
  resolved "http://registry.npm.taobao.org/array-flatten/download/array-flatten-1.1.1.tgz#9a5f699051b1e7073328f2a008968b64ea2955d2"

bencode@^2.0.0:
  version "2.0.0"
  resolved "http://registry.npm.taobao.org/bencode/download/bencode-2.0.0.tgz#e72e6b3691d824bd03ea7aa9d752cd1d49a50027"
  dependencies:
    safe-buffer "^5.1.1"

bitfield@^0.1.0:
  version "0.1.0"
  resolved "http://registry.npm.taobao.org/bitfield/download/bitfield-0.1.0.tgz#b05d8b5f0d09f2df35a9db3b3a62d3808c46c457"

bncode@^0.2.3:
  version "0.2.3"
  resolved "http://registry.npm.taobao.org/bncode/download/bncode-0.2.3.tgz#37f851dc8e47188a83fbc0f6fa4775cacc9a3296"

bncode@^0.5.3:
  version "0.5.3"
  resolved "http://registry.npm.taobao.org/bncode/download/bncode-0.5.3.tgz#e16661697452d436bf9886238cc791b08d66a61a"

body-parser@1.18.3:
  version "1.18.3"
  resolved "http://registry.npm.taobao.org/body-parser/download/body-parser-1.18.3.tgz#5b292198ffdd553b3a0f20ded0592b956955c8b4"
  dependencies:
    bytes "3.0.0"
    content-type "~1.0.4"
    debug "2.6.9"
    depd "~1.1.2"
    http-errors "~1.6.3"
    iconv-lite "0.4.23"
    on-finished "~2.3.0"
    qs "6.5.2"
    raw-body "2.3.3"
    type-is "~1.6.16"

buffer-alloc-unsafe@^1.1.0:
  version "1.1.0"
  resolved "http://registry.npm.taobao.org/buffer-alloc-unsafe/download/buffer-alloc-unsafe-1.1.0.tgz#bd7dc26ae2972d0eda253be061dba992349c19f0"

buffer-alloc@^1.1.0:
  version "1.2.0"
  resolved "http://registry.npm.taobao.org/buffer-alloc/download/buffer-alloc-1.2.0.tgz#890dd90d923a873e08e10e5fd51a57e5b7cce0ec"
  dependencies:
    buffer-alloc-unsafe "^1.1.0"
    buffer-fill "^1.0.0"

buffer-fill@^1.0.0:
  version "1.0.0"
  resolved "http://registry.npm.taobao.org/buffer-fill/download/buffer-fill-1.0.0.tgz#f8f78b76789888ef39f205cd637f68e702122b2c"

buffer-from@^1.0.0:
  version "1.1.1"
  resolved "http://registry.npm.taobao.org/buffer-from/download/buffer-from-1.1.1.tgz#32713bc028f75c02fdb710d7c7bcec1f2c6070ef"

bytes@3.0.0:
  version "3.0.0"
  resolved "http://registry.npm.taobao.org/bytes/download/bytes-3.0.0.tgz#d32815404d689699f85a4ea4fa8755dd13a96048"

"coffee-script@>= 1.10":
  version "1.12.7"
  resolved "http://registry.npm.taobao.org/coffee-script/download/coffee-script-1.12.7.tgz#c05dae0cb79591d05b3070a8433a98c9a89ccc53"

collections@^3.0.0:
  version "3.0.0"
  resolved "http://registry.npm.taobao.org/collections/download/collections-3.0.0.tgz#27e3894df1b24cedfc55a1bbb0c0da12f68bab31"
  dependencies:
    weak-map "~1.0.x"

content-disposition@0.5.2:
  version "0.5.2"
  resolved "http://registry.npm.taobao.org/content-disposition/download/content-disposition-0.5.2.tgz#0cf68bb9ddf5f2be7961c3a85178cb85dba78cb4"

content-type@~1.0.4:
  version "1.0.4"
  resolved "http://registry.npm.taobao.org/content-type/download/content-type-1.0.4.tgz#e138cc75e040c727b1966fe5e5f8c9aee256fe3b"

cookie-signature@1.0.6:
  version "1.0.6"
  resolved "http://registry.npm.taobao.org/cookie-signature/download/cookie-signature-1.0.6.tgz#e303a882b342cc3ee8ca513a79999734dab3ae2c"

cookie@0.3.1:
  version "0.3.1"
  resolved "http://registry.npm.taobao.org/cookie/download/cookie-0.3.1.tgz#e7e0a1f9ef43b4c8ba925c5c5a96e806d16873bb"

core-util-is@~1.0.0:
  version "1.0.2"
  resolved "http://registry.npm.taobao.org/core-util-is/download/core-util-is-1.0.2.tgz#b5fd54220aa2bc5ab57aab7140c940754503c1a7"

cors@^2.7.1:
  version "2.8.5"
  resolved "http://registry.npm.taobao.org/cors/download/cors-2.8.5.tgz#eac11da51592dd86b9f06f6e7ac293b3df875d29"
  dependencies:
    object-assign "^4"
    vary "^1"

cyclist@~0.1.0:
  version "0.1.1"
  resolved "http://registry.npm.taobao.org/cyclist/download/cyclist-0.1.1.tgz#1bcfa56b081448cdb5e12bfc1bfad34b47fba8f3"

debug@2.6.9:
  version "2.6.9"
  resolved "http://registry.npm.taobao.org/debug/download/debug-2.6.9.tgz#5d128515df134ff327e90a4c93f4e077a536341f"
  dependencies:
    ms "2.0.0"

debug@^3.1.0:
  version "3.2.6"
  resolved "http://registry.npm.taobao.org/debug/download/debug-3.2.6.tgz#e83d17de16d8a7efb7717edbe5fb10135eee629b"
  dependencies:
    ms "^2.1.1"

declare.js@~0.0.3, declare.js@~0.0.4:
  version "0.0.8"
  resolved "http://registry.npm.taobao.org/declare.js/download/declare.js-0.0.8.tgz#0478adff9564c004f51df73d8bc134019d28dcde"

depd@~1.1.2:
  version "1.1.2"
  resolved "http://registry.npm.taobao.org/depd/download/depd-1.1.2.tgz#9bcd52e14c097763e749b274c4346ed2e560b5a9"

destroy@~1.0.4:
  version "1.0.4"
  resolved "http://registry.npm.taobao.org/destroy/download/destroy-1.0.4.tgz#978857442c44749e4206613e37946205826abd80"

ee-first@1.1.1:
  version "1.1.1"
  resolved "http://registry.npm.taobao.org/ee-first/download/ee-first-1.1.1.tgz#590c61156b0ae2f4f0255732a158b266bc56b21d"

encodeurl@~1.0.2:
  version "1.0.2"
  resolved "http://registry.npm.taobao.org/encodeurl/download/encodeurl-1.0.2.tgz#ad3ff4c86ec2d029322f5a02c3a9a606c95b3f59"

es6-promise@^4.0.3:
  version "4.2.5"
  resolved "http://registry.npm.taobao.org/es6-promise/download/es6-promise-4.2.5.tgz#da6d0d5692efb461e082c14817fe2427d8f5d054"

es6-promisify@^5.0.0:
  version "5.0.0"
  resolved "http://registry.npm.taobao.org/es6-promisify/download/es6-promisify-5.0.0.tgz#5109d62f3e56ea967c4b63505aef08291c8a5203"
  dependencies:
    es6-promise "^4.0.3"

escape-html@~1.0.3:
  version "1.0.3"
  resolved "http://registry.npm.taobao.org/escape-html/download/escape-html-1.0.3.tgz#0258eae4d3d0c0974de1c169188ef0051d1d1988"

etag@~1.8.1:
  version "1.8.1"
  resolved "http://registry.npm.taobao.org/etag/download/etag-1.8.1.tgz#41ae2eeb65efa62268aebfea83ac7d79299b0887"

express@^4.13.3:
  version "4.16.4"
  resolved "http://registry.npm.taobao.org/express/download/express-4.16.4.tgz#fddef61926109e24c515ea97fd2f1bdbf62df12e"
  dependencies:
    accepts "~1.3.5"
    array-flatten "1.1.1"
    body-parser "1.18.3"
    content-disposition "0.5.2"
    content-type "~1.0.4"
    cookie "0.3.1"
    cookie-signature "1.0.6"
    debug "2.6.9"
    depd "~1.1.2"
    encodeurl "~1.0.2"
    escape-html "~1.0.3"
    etag "~1.8.1"
    finalhandler "1.1.1"
    fresh "0.5.2"
    merge-descriptors "1.0.1"
    methods "~1.1.2"
    on-finished "~2.3.0"
    parseurl "~1.3.2"
    path-to-regexp "0.1.7"
    proxy-addr "~2.0.4"
    qs "6.5.2"
    range-parser "~1.2.0"
    safe-buffer "5.1.2"
    send "0.16.2"
    serve-static "1.13.2"
    setprototypeof "1.1.0"
    statuses "~1.4.0"
    type-is "~1.6.16"
    utils-merge "1.0.1"
    vary "~1.1.2"

extended@~0.0.3:
  version "0.0.6"
  resolved "http://registry.npm.taobao.org/extended/download/extended-0.0.6.tgz#7fb8bf7b9dae397586e48570acfd642c78e50669"
  dependencies:
    extender "~0.0.5"

extender@~0.0.5:
  version "0.0.10"
  resolved "http://registry.npm.taobao.org/extender/download/extender-0.0.10.tgz#589c07482be61a1460b6d81f9c24aa67e8f324cd"
  dependencies:
    declare.js "~0.0.4"

fifo@^0.1.4:
  version "0.1.4"
  resolved "http://registry.npm.taobao.org/fifo/download/fifo-0.1.4.tgz#bf42d87c0ad07b00d0949d12388f6289606ece34"

finalhandler@1.1.1:
  version "1.1.1"
  resolved "http://registry.npm.taobao.org/finalhandler/download/finalhandler-1.1.1.tgz#eebf4ed840079c83f4249038c9d703008301b105"
  dependencies:
    debug "2.6.9"
    encodeurl "~1.0.2"
    escape-html "~1.0.3"
    on-finished "~2.3.0"
    parseurl "~1.3.2"
    statuses "~1.4.0"
    unpipe "~1.0.0"

forwarded@~0.1.2:
  version "0.1.2"
  resolved "http://registry.npm.taobao.org/forwarded/download/forwarded-0.1.2.tgz#98c23dab1175657b8c0573e8ceccd91b0ff18c84"

fresh@0.5.2:
  version "0.5.2"
  resolved "http://registry.npm.taobao.org/fresh/download/fresh-0.5.2.tgz#3d8cadd90d976569fa835ab1f8e4b23a105605a7"

hat@^0.0.3:
  version "0.0.3"
  resolved "http://registry.npm.taobao.org/hat/download/hat-0.0.3.tgz#bb014a9e64b3788aed8005917413d4ff3d502d8a"

ht@0.0.2:
  version "0.0.2"
  resolved "http://registry.npm.taobao.org/ht/download/ht-0.0.2.tgz#22541dbfa48c852050d068a56407e19b71603482"
  dependencies:
    array-extended "~0.0.3"
    declare.js "~0.0.3"
    extended "~0.0.3"
    is-extended "~0.0.3"

http-errors@1.6.3, http-errors@~1.6.2, http-errors@~1.6.3:
  version "1.6.3"
  resolved "http://registry.npm.taobao.org/http-errors/download/http-errors-1.6.3.tgz#8b55680bb4be283a0b5bf4ea2e38580be1d9320d"
  dependencies:
    depd "~1.1.2"
    inherits "2.0.3"
    setprototypeof "1.1.0"
    statuses ">= 1.4.0 < 2"

https-proxy-agent@2.2.1:
  version "2.2.1"
  resolved "http://registry.npm.taobao.org/https-proxy-agent/download/https-proxy-agent-2.2.1.tgz#51552970fa04d723e04c56d04178c3f92592bbc0"
  dependencies:
    agent-base "^4.1.0"
    debug "^3.1.0"

iconv-lite@0.4.23:
  version "0.4.23"
  resolved "http://registry.npm.taobao.org/iconv-lite/download/iconv-lite-0.4.23.tgz#297871f63be507adcfbfca715d0cd0eed84e9a63"
  dependencies:
    safer-buffer ">= 2.1.2 < 3"

inherits@2.0.3, inherits@~2.0.1:
  version "2.0.3"
  resolved "http://registry.npm.taobao.org/inherits/download/inherits-2.0.3.tgz#633c2c83e3da42a502f52466022480f4208261de"

ipaddr.js@1.8.0:
  version "1.8.0"
  resolved "http://registry.npm.taobao.org/ipaddr.js/download/ipaddr.js-1.8.0.tgz#eaa33d6ddd7ace8f7f6fe0c9ca0440e706738b1e"

is-extended@~0.0.3, is-extended@~0.0.8:
  version "0.0.10"
  resolved "http://registry.npm.taobao.org/is-extended/download/is-extended-0.0.10.tgz#244e140df75bb1c9a3106f412ff182fb534a6d62"
  dependencies:
    extended "~0.0.3"

isarray@0.0.1:
  version "0.0.1"
  resolved "http://registry.npm.taobao.org/isarray/download/isarray-0.0.1.tgz#8a18acfca9a8f4177e09abfc6038939b05d1eedf"

k-bucket@^5.0.0:
  version "5.0.0"
  resolved "http://registry.npm.taobao.org/k-bucket/download/k-bucket-5.0.0.tgz#ef7a401fcd4c37cd31dceaa6ae4440ca91055e01"
  dependencies:
    randombytes "^2.0.3"

magnet-uri@^5.1.1:
  version "5.2.4"
  resolved "http://registry.npm.taobao.org/magnet-uri/download/magnet-uri-5.2.4.tgz#7afe5b736af04445aff744c93a890a3710077688"
  dependencies:
    thirty-two "^1.0.1"
    uniq "^1.0.1"

media-typer@0.3.0:
  version "0.3.0"
  resolved "http://registry.npm.taobao.org/media-typer/download/media-typer-0.3.0.tgz#8710d7af0aa626f8fffa1ce00168545263255748"

merge-descriptors@1.0.1:
  version "1.0.1"
  resolved "http://registry.npm.taobao.org/merge-descriptors/download/merge-descriptors-1.0.1.tgz#b00aaa556dd8b44568150ec9d1b953f3f90cbb61"

methods@~1.1.2:
  version "1.1.2"
  resolved "http://registry.npm.taobao.org/methods/download/methods-1.1.2.tgz#5529a4d67654134edcc5266656835b0f851afcee"

mime-db@~1.37.0:
  version "1.37.0"
  resolved "http://registry.npm.taobao.org/mime-db/download/mime-db-1.37.0.tgz#0b6a0ce6fdbe9576e25f1f2d2fde8830dc0ad0d8"

mime-types@~2.1.18:
  version "2.1.21"
  resolved "http://registry.npm.taobao.org/mime-types/download/mime-types-2.1.21.tgz#28995aa1ecb770742fe6ae7e58f9181c744b3f96"
  dependencies:
    mime-db "~1.37.0"

mime@1.4.1:
  version "1.4.1"
  resolved "http://registry.npm.taobao.org/mime/download/mime-1.4.1.tgz#121f9ebc49e3766f311a76e1fa1c8003c4b03aa6"

mixpanel@^0.10.0:
  version "0.10.0"
  resolved "http://registry.npm.taobao.org/mixpanel/download/mixpanel-0.10.0.tgz#53aae6158be32410e3e98be59f1dedcbd55529df"
  dependencies:
    https-proxy-agent "2.2.1"

ms@2.0.0:
  version "2.0.0"
  resolved "http://registry.npm.taobao.org/ms/download/ms-2.0.0.tgz#5608aeadfc00be6c2901df5f9861788de0d597c8"

ms@^2.1.1:
  version "2.1.1"
  resolved "http://registry.npm.taobao.org/ms/download/ms-2.1.1.tgz#30a5864eb3ebb0a66f2ebe6d727af06a09d86e0a"

negotiator@0.6.1:
  version "0.6.1"
  resolved "http://registry.npm.taobao.org/negotiator/download/negotiator-0.6.1.tgz#2b327184e8992101177b28563fb5e7102acd0ca9"

object-assign@^4:
  version "4.1.1"
  resolved "http://registry.npm.taobao.org/object-assign/download/object-assign-4.1.1.tgz#2109adc7965887cfc05cbbd442cac8bfbb360863"

on-finished@~2.3.0:
  version "2.3.0"
  resolved "http://registry.npm.taobao.org/on-finished/download/on-finished-2.3.0.tgz#20f1336481b083cd75337992a16971aa2d906947"
  dependencies:
    ee-first "1.1.1"

once@^1.1.1:
  version "1.4.0"
  resolved "http://registry.npm.taobao.org/once/download/once-1.4.0.tgz#583b1aa775961d4b113ac17d9c50baef9dd76bd1"
  dependencies:
    wrappy "1"

parseurl@~1.3.2:
  version "1.3.2"
  resolved "http://registry.npm.taobao.org/parseurl/download/parseurl-1.3.2.tgz#fc289d4ed8993119460c156253262cdc8de65bf3"

path-to-regexp@0.1.7:
  version "0.1.7"
  resolved "http://registry.npm.taobao.org/path-to-regexp/download/path-to-regexp-0.1.7.tgz#df604178005f522f15eb4490e7247a1bfaa67f8c"

peer-wire-protocol@^0.7.0:
  version "0.7.1"
  resolved "http://registry.npm.taobao.org/peer-wire-protocol/download/peer-wire-protocol-0.7.1.tgz#fdb4a75bfe6b3b84710eb5220ef0ebeed3b63396"
  dependencies:
    bitfield "^0.1.0"
    bncode "^0.2.3"
    buffer-alloc "^1.1.0"
    buffer-from "^1.0.0"
    readable-stream "^1.0.2"
    speedometer "^0.1.2"

peer-wire-swarm@^0.12.1:
  version "0.12.2"
  resolved "http://registry.npm.taobao.org/peer-wire-swarm/download/peer-wire-swarm-0.12.2.tgz#d7120e083cbd42b1c41c961865e938e747428950"
  dependencies:
    buffer-from "^1.0.0"
    fifo "^0.1.4"
    once "^1.1.1"
    peer-wire-protocol "^0.7.0"
    speedometer "^0.1.2"
    utp "0.0.7"

proxy-addr@~2.0.4:
  version "2.0.4"
  resolved "http://registry.npm.taobao.org/proxy-addr/download/proxy-addr-2.0.4.tgz#ecfc733bf22ff8c6f407fa275327b9ab67e48b93"
  dependencies:
    forwarded "~0.1.2"
    ipaddr.js "1.8.0"

qs@6.5.2:
  version "6.5.2"
  resolved "http://registry.npm.taobao.org/qs/download/qs-6.5.2.tgz#cb3ae806e8740444584ef154ce8ee98d403f3e36"

quick-lru@^2.0.0:
  version "2.0.0"
  resolved "http://registry.npm.taobao.org/quick-lru/download/quick-lru-2.0.0.tgz#32b017b28d1784631c8ab0a1ed2978e094dbe181"

randombytes@^2.0.3:
  version "2.0.6"
  resolved "http://registry.npm.taobao.org/randombytes/download/randombytes-2.0.6.tgz#d302c522948588848a8d300c932b44c24231da80"
  dependencies:
    safe-buffer "^5.1.0"

range-parser@~1.2.0:
  version "1.2.0"
  resolved "http://registry.npm.taobao.org/range-parser/download/range-parser-1.2.0.tgz#f49be6b487894ddc40dcc94a322f611092e00d5e"

raw-body@2.3.3:
  version "2.3.3"
  resolved "http://registry.npm.taobao.org/raw-body/download/raw-body-2.3.3.tgz#1b324ece6b5706e153855bc1148c65bb7f6ea0c3"
  dependencies:
    bytes "3.0.0"
    http-errors "1.6.3"
    iconv-lite "0.4.23"
    unpipe "1.0.0"

readable-stream@^1.0.2:
  version "1.1.14"
  resolved "http://registry.npm.taobao.org/readable-stream/download/readable-stream-1.1.14.tgz#7cf4c54ef648e3813084c636dd2079e166c081d9"
  dependencies:
    core-util-is "~1.0.0"
    inherits "~2.0.1"
    isarray "0.0.1"
    string_decoder "~0.10.x"

safe-buffer@5.1.2, safe-buffer@^5.1.0, safe-buffer@^5.1.1:
  version "5.1.2"
  resolved "http://registry.npm.taobao.org/safe-buffer/download/safe-buffer-5.1.2.tgz#991ec69d296e0313747d59bdfd2b745c35f8828d"

"safer-buffer@>= 2.1.2 < 3":
  version "2.1.2"
  resolved "http://registry.npm.taobao.org/safer-buffer/download/safer-buffer-2.1.2.tgz#44fa161b0187b9549dd84bb91802f9bd8385cd6a"

send@0.16.2:
  version "0.16.2"
  resolved "http://registry.npm.taobao.org/send/download/send-0.16.2.tgz#6ecca1e0f8c156d141597559848df64730a6bbc1"
  dependencies:
    debug "2.6.9"
    depd "~1.1.2"
    destroy "~1.0.4"
    encodeurl "~1.0.2"
    escape-html "~1.0.3"
    etag "~1.8.1"
    fresh "0.5.2"
    http-errors "~1.6.2"
    mime "1.4.1"
    ms "2.0.0"
    on-finished "~2.3.0"
    range-parser "~1.2.0"
    statuses "~1.4.0"

serve-static@1.13.2:
  version "1.13.2"
  resolved "http://registry.npm.taobao.org/serve-static/download/serve-static-1.13.2.tgz#095e8472fd5b46237db50ce486a43f4b86c6cec1"
  dependencies:
    encodeurl "~1.0.2"
    escape-html "~1.0.3"
    parseurl "~1.3.2"
    send "0.16.2"

setprototypeof@1.1.0:
  version "1.1.0"
  resolved "http://registry.npm.taobao.org/setprototypeof/download/setprototypeof-1.1.0.tgz#d0bd85536887b6fe7c0d818cb962d9d91c54e656"

speedometer@^0.1.2:
  version "0.1.4"
  resolved "http://registry.npm.taobao.org/speedometer/download/speedometer-0.1.4.tgz#9876dbd2a169d3115402d48e6ea6329c8816a50d"

"statuses@>= 1.4.0 < 2":
  version "1.5.0"
  resolved "http://registry.npm.taobao.org/statuses/download/statuses-1.5.0.tgz#161c7dac177659fd9811f43771fa99381478628c"

statuses@~1.4.0:
  version "1.4.0"
  resolved "http://registry.npm.taobao.org/statuses/download/statuses-1.4.0.tgz#bb73d446da2796106efcc1b601a253d6c46bd087"

string_decoder@~0.10.x:
  version "0.10.31"
  resolved "http://registry.npm.taobao.org/string_decoder/download/string_decoder-0.10.31.tgz#62e203bc41766c6c28c9fc84301dab1c5310fa94"

thirty-two@^1.0.1:
  version "1.0.2"
  resolved "http://registry.npm.taobao.org/thirty-two/download/thirty-two-1.0.2.tgz#4ca2fffc02a51290d2744b9e3f557693ca6b627a"

type-is@~1.6.16:
  version "1.6.16"
  resolved "http://registry.npm.taobao.org/type-is/download/type-is-1.6.16.tgz#f89ce341541c672b25ee7ae3c73dee3b2be50194"
  dependencies:
    media-typer "0.3.0"
    mime-types "~2.1.18"

uniq@^1.0.1:
  version "1.0.1"
  resolved "http://registry.npm.taobao.org/uniq/download/uniq-1.0.1.tgz#b31c5ae8254844a3a8281541ce2b04b865a734ff"

unpipe@1.0.0, unpipe@~1.0.0:
  version "1.0.0"
  resolved "http://registry.npm.taobao.org/unpipe/download/unpipe-1.0.0.tgz#b2bf4ee8514aae6165b4817829d21b2ef49904ec"

utils-merge@1.0.1:
  version "1.0.1"
  resolved "http://registry.npm.taobao.org/utils-merge/download/utils-merge-1.0.1.tgz#9f95710f50a267947b2ccc124741c1028427e713"

utp@0.0.7:
  version "0.0.7"
  resolved "http://registry.npm.taobao.org/utp/download/utp-0.0.7.tgz#ae43eb7745f5fe63dcc2f277cb4164ad27087f30"
  dependencies:
    cyclist "~0.1.0"

vary@^1, vary@~1.1.2:
  version "1.1.2"
  resolved "http://registry.npm.taobao.org/vary/download/vary-1.1.2.tgz#2299f02c6ded30d4a5961b0b9f74524a18f634fc"

weak-map@~1.0.x:
  version "1.0.5"
  resolved "http://registry.npm.taobao.org/weak-map/download/weak-map-1.0.5.tgz#79691584d98607f5070bd3b70a40e6bb22e401eb"

wrappy@1:
  version "1.0.2"
  resolved "http://registry.npm.taobao.org/wrappy/download/wrappy-1.0.2.tgz#b5243d8f3ec1aa35f1364605bc0d1036e30ab69f"
